
Microsoft Visual Studio Solution File, Format Version 12.00
# Visual Studio Version 17
VisualStudioVersion = 17.0.31912.275
MinimumVisualStudioVersion = 10.0.40219.1
Project("{FAE04EC0-301F-11D3-BF4B-00C04F79EFBC}") = "AESDemonstration", "AESDemonstration\AESDemonstration.csproj", "{02125B6B-2223-413E-83A1-D2174C76C7CB}"
EndProject
Global
	GlobalSection(SolutionConfigurationPlatforms) = preSolution
		Debug|Any CPU = Debug|Any CPU
		Release|Any CPU = Release|Any CPU
	EndGlobalSection
	GlobalSection(ProjectConfigurationPlatforms) = postSolution
		{02125B6B-2223-413E-83A1-D2174C76C7CB}.Debug|Any CPU.ActiveCfg = Debug|Any CPU
		{02125B6B-2223-413E-83A1-D2174C76C7CB}.Debug|Any CPU.Build.0 = Debug|Any CPU
		{02125B6B-2223-413E-83A1-D2174C76C7CB}.Release|Any CPU.ActiveCfg = Release|Any CPU
		{02125B6B-2223-413E-83A1-D2174C76C7CB}.Release|Any CPU.Build.0 = Release|Any CPU
	EndGlobalSection
	GlobalSection(SolutionProperties) = preSolution
		HideSolutionNode = FALSE
	EndGlobalSection
	GlobalSection(ExtensibilityGlobals) = postSolution
		SolutionGuid = {1C48DB9C-528D-4FEB-B21D-59ABB95EF352}
	EndGlobalSection
EndGlobal
